
Microsoft Visual Studio Solution File, Format Version 12.00
# Visual Studio 2013
VisualStudioVersion = 12.0.21005.1
MinimumVisualStudioVersion = 10.0.40219.1
Project("{FAE04EC0-301F-11D3-BF4B-00C04F79EFBC}") = "1.HelloCSharp", "HelloCSharp\1.HelloCSharp.csproj", "{FE79B83B-0453-4F05-AAB2-6C0C9E4916C3}"
EndProject
Project("{2150E333-8FDC-42A3-9474-1A3956D46DE8}") = "NewFolder1", "NewFolder1", "{BFEB855F-3D1B-4532-BA6B-190632C30796}"
EndProject
Project("{FAE04EC0-301F-11D3-BF4B-00C04F79EFBC}") = "2.PrintMyName", "2\2.PrintMyName.csproj", "{D180F732-A1D0-41B3-A88C-69CFDA82017F}"
EndProject
Project("{FAE04EC0-301F-11D3-BF4B-00C04F79EFBC}") = "3.PrintNumbers", "3.Numbers\3.PrintNumbers.csproj", "{AF5E38DC-ABE3-4A0B-B529-74D3E4DB1673}"
EndProject
Project("{FAE04EC0-301F-11D3-BF4B-00C04F79EFBC}") = "4.PrintFirstLastName", "MyFullName\4.PrintFirstLastName.csproj", "{B6EB7E9B-BC4B-4F09-85EA-A8251EC7AE57}"
EndProject
Project("{FAE04EC0-301F-11D3-BF4B-00C04F79EFBC}") = "5.SquareRoot", "5.SquareRoot\5.SquareRoot.csproj", "{3BF4FC3E-52DD-4D62-A6B3-C5D5181012EC}"
EndProject
Project("{FAE04EC0-301F-11D3-BF4B-00C04F79EFBC}") = "8.TameAndDate", "ConsoleApplication1\8.TameAndDate.csproj", "{002D0FA7-BADF-4F32-9095-72FA7E1ADA92}"
EndProject
Project("{FAE04EC0-301F-11D3-BF4B-00C04F79EFBC}") = "7.HorribleCode", "RefirmatingCode\7.HorribleCode.csproj", "{E543A86F-496C-4A1A-84A8-03CCCED43CCE}"
EndProject
Project("{FAE04EC0-301F-11D3-BF4B-00C04F79EFBC}") = "6.PrintSequence", "7\6.PrintSequence.csproj", "{28A5A180-B5AC-4D92-893B-8AFCE36E8210}"
EndProject
Project("{FAE04EC0-301F-11D3-BF4B-00C04F79EFBC}") = "9.PrintLongSequence", "9\9.PrintLongSequence.csproj", "{96E96DA6-2006-4A03-9902-AB302CE8EBB5}"
EndProject
Global
	GlobalSection(SolutionConfigurationPlatforms) = preSolution
		Debug|Any CPU = Debug|Any CPU
		Release|Any CPU = Release|Any CPU
	EndGlobalSection
	GlobalSection(ProjectConfigurationPlatforms) = postSolution
		{FE79B83B-0453-4F05-AAB2-6C0C9E4916C3}.Debug|Any CPU.ActiveCfg = Debug|Any CPU
		{FE79B83B-0453-4F05-AAB2-6C0C9E4916C3}.Debug|Any CPU.Build.0 = Debug|Any CPU
		{FE79B83B-0453-4F05-AAB2-6C0C9E4916C3}.Release|Any CPU.ActiveCfg = Release|Any CPU
		{FE79B83B-0453-4F05-AAB2-6C0C9E4916C3}.Release|Any CPU.Build.0 = Release|Any CPU
		{D180F732-A1D0-41B3-A88C-69CFDA82017F}.Debug|Any CPU.ActiveCfg = Debug|Any CPU
		{D180F732-A1D0-41B3-A88C-69CFDA82017F}.Debug|Any CPU.Build.0 = Debug|Any CPU
		{D180F732-A1D0-41B3-A88C-69CFDA82017F}.Release|Any CPU.ActiveCfg = Release|Any CPU
		{D180F732-A1D0-41B3-A88C-69CFDA82017F}.Release|Any CPU.Build.0 = Release|Any CPU
		{AF5E38DC-ABE3-4A0B-B529-74D3E4DB1673}.Debug|Any CPU.ActiveCfg = Debug|Any CPU
		{AF5E38DC-ABE3-4A0B-B529-74D3E4DB1673}.Debug|Any CPU.Build.0 = Debug|Any CPU
		{AF5E38DC-ABE3-4A0B-B529-74D3E4DB1673}.Release|Any CPU.ActiveCfg = Release|Any CPU
		{AF5E38DC-ABE3-4A0B-B529-74D3E4DB1673}.Release|Any CPU.Build.0 = Release|Any CPU
		{B6EB7E9B-BC4B-4F09-85EA-A8251EC7AE57}.Debug|Any CPU.ActiveCfg = Debug|Any CPU
		{B6EB7E9B-BC4B-4F09-85EA-A8251EC7AE57}.Debug|Any CPU.Build.0 = Debug|Any CPU
		{B6EB7E9B-BC4B-4F09-85EA-A8251EC7AE57}.Release|Any CPU.ActiveCfg = Release|Any CPU
		{B6EB7E9B-BC4B-4F09-85EA-A8251EC7AE57}.Release|Any CPU.Build.0 = Release|Any CPU
		{3BF4FC3E-52DD-4D62-A6B3-C5D5181012EC}.Debug|Any CPU.ActiveCfg = Debug|Any CPU
		{3BF4FC3E-52DD-4D62-A6B3-C5D5181012EC}.Debug|Any CPU.Build.0 = Debug|Any CPU
		{3BF4FC3E-52DD-4D62-A6B3-C5D5181012EC}.Release|Any CPU.ActiveCfg = Release|Any CPU
		{3BF4FC3E-52DD-4D62-A6B3-C5D5181012EC}.Release|Any CPU.Build.0 = Release|Any CPU
		{002D0FA7-BADF-4F32-9095-72FA7E1ADA92}.Debug|Any CPU.ActiveCfg = Debug|Any CPU
		{002D0FA7-BADF-4F32-9095-72FA7E1ADA92}.Debug|Any CPU.Build.0 = Debug|Any CPU
		{002D0FA7-BADF-4F32-9095-72FA7E1ADA92}.Release|Any CPU.ActiveCfg = Release|Any CPU
		{002D0FA7-BADF-4F32-9095-72FA7E1ADA92}.Release|Any CPU.Build.0 = Release|Any CPU
		{E543A86F-496C-4A1A-84A8-03CCCED43CCE}.Debug|Any CPU.ActiveCfg = Debug|Any CPU
		{E543A86F-496C-4A1A-84A8-03CCCED43CCE}.Debug|Any CPU.Build.0 = Debug|Any CPU
		{E543A86F-496C-4A1A-84A8-03CCCED43CCE}.Release|Any CPU.ActiveCfg = Release|Any CPU
		{E543A86F-496C-4A1A-84A8-03CCCED43CCE}.Release|Any CPU.Build.0 = Release|Any CPU
		{28A5A180-B5AC-4D92-893B-8AFCE36E8210}.Debug|Any CPU.ActiveCfg = Debug|Any CPU
		{28A5A180-B5AC-4D92-893B-8AFCE36E8210}.Debug|Any CPU.Build.0 = Debug|Any CPU
		{28A5A180-B5AC-4D92-893B-8AFCE36E8210}.Release|Any CPU.ActiveCfg = Release|Any CPU
		{28A5A180-B5AC-4D92-893B-8AFCE36E8210}.Release|Any CPU.Build.0 = Release|Any CPU
		{96E96DA6-2006-4A03-9902-AB302CE8EBB5}.Debug|Any CPU.ActiveCfg = Debug|Any CPU
		{96E96DA6-2006-4A03-9902-AB302CE8EBB5}.Debug|Any CPU.Build.0 = Debug|Any CPU
		{96E96DA6-2006-4A03-9902-AB302CE8EBB5}.Release|Any CPU.ActiveCfg = Release|Any CPU
		{96E96DA6-2006-4A03-9902-AB302CE8EBB5}.Release|Any CPU.Build.0 = Release|Any CPU
	EndGlobalSection
	GlobalSection(SolutionProperties) = preSolution
		HideSolutionNode = FALSE
	EndGlobalSection
EndGlobal
